# THIS IS AN AUTOGENERATED FILE. DO NOT EDIT THIS FILE DIRECTLY.
# yarn lockfile v1


"@babel/runtime@^7.16.7":
  version "7.21.0"
  resolved "https://registry.yarnpkg.com/@babel/runtime/-/runtime-7.21.0.tgz#5b55c9d394e5fcf304909a8b00c07dc217b56673"
  integrity sha512-xwII0//EObnq89Ji5AKYQaRYiW/nZ3llSv29d49IuxPhKbtJoLP+9QUUZ4nVragQVtaVGeZrpB+ZtG/Pdy/POw==
  dependencies:
    regenerator-runtime "^0.13.11"

"@chevrotain/cst-dts-gen@10.5.0":
  version "10.5.0"
  resolved "https://registry.yarnpkg.com/@chevrotain/cst-dts-gen/-/cst-dts-gen-10.5.0.tgz#922ebd8cc59d97241bb01b1b17561a5c1ae0124e"
  integrity sha512-lhmC/FyqQ2o7pGK4Om+hzuDrm9rhFYIJ/AXoQBeongmn870Xeb0L6oGEiuR8nohFNL5sMaQEJWCxr1oIVIVXrw==
  dependencies:
    "@chevrotain/gast" "10.5.0"
    "@chevrotain/types" "10.5.0"
    lodash "4.17.21"

"@chevrotain/gast@10.5.0":
  version "10.5.0"
  resolved "https://registry.yarnpkg.com/@chevrotain/gast/-/gast-10.5.0.tgz#e4e614bc46d17a8892742f38e56cd33f1f3ad162"
  integrity sha512-pXdMJ9XeDAbgOWKuD1Fldz4ieCs6+nLNmyVhe2gZVqoO7v8HXuHYs5OV2EzUtbuai37TlOAQHrTDvxMnvMJz3A==
  dependencies:
    "@chevrotain/types" "10.5.0"
    lodash "4.17.21"

"@chevrotain/types@10.5.0":
  version "10.5.0"
  resolved "https://registry.yarnpkg.com/@chevrotain/types/-/types-10.5.0.tgz#52a97d74a8cfbc197f054636d93ecd8912d33d21"
  integrity sha512-f1MAia0x/pAVPWH/T73BJVyO2XU5tI4/iE7cnxb7tqdNTNhQI3Uq3XkqcoteTmD4t1aM0LbHCJOhgIDn07kl2A==

"@chevrotain/utils@10.5.0":
  version "10.5.0"
  resolved "https://registry.yarnpkg.com/@chevrotain/utils/-/utils-10.5.0.tgz#0ee36f65b49b447fbac71b9e5af5c5c6c98ac057"
  integrity sha512-hBzuU5+JjB2cqNZyszkDHZgOSrUUT8V3dhgRl8Q9Gp6dAj/H5+KILGjbhDpc3Iy9qmqlm/akuOI2ut9VUtzJxQ==

"@esbuild/android-arm64@0.17.14":
  version "0.17.14"
  resolved "https://registry.yarnpkg.com/@esbuild/android-arm64/-/android-arm64-0.17.14.tgz#4624cea3c8941c91f9e9c1228f550d23f1cef037"
  integrity sha512-eLOpPO1RvtsP71afiFTvS7tVFShJBCT0txiv/xjFBo5a7R7Gjw7X0IgIaFoLKhqXYAXhahoXm7qAmRXhY4guJg==

"@esbuild/android-arm@0.17.14":
  version "0.17.14"
  resolved "https://registry.yarnpkg.com/@esbuild/android-arm/-/android-arm-0.17.14.tgz#74fae60fcab34c3f0e15cb56473a6091ba2b53a6"
  integrity sha512-0CnlwnjDU8cks0yJLXfkaU/uoLyRf9VZJs4p1PskBr2AlAHeEsFEwJEo0of/Z3g+ilw5mpyDwThlxzNEIxOE4g==

"@esbuild/android-x64@0.17.14":
  version "0.17.14"
  resolved "https://registry.yarnpkg.com/@esbuild/android-x64/-/android-x64-0.17.14.tgz#f002fbc08d5e939d8314bd23bcfb1e95d029491f"
  integrity sha512-nrfQYWBfLGfSGLvRVlt6xi63B5IbfHm3tZCdu/82zuFPQ7zez4XjmRtF/wIRYbJQ/DsZrxJdEvYFE67avYXyng==

"@esbuild/darwin-arm64@0.17.14":
  version "0.17.14"
  resolved "https://registry.yarnpkg.com/@esbuild/darwin-arm64/-/darwin-arm64-0.17.14.tgz#b8dcd79a1dd19564950b4ca51d62999011e2e168"
  integrity sha512-eoSjEuDsU1ROwgBH/c+fZzuSyJUVXQTOIN9xuLs9dE/9HbV/A5IqdXHU1p2OfIMwBwOYJ9SFVGGldxeRCUJFyw==

"@esbuild/darwin-x64@0.17.14":
  version "0.17.14"
  resolved "https://registry.yarnpkg.com/@esbuild/darwin-x64/-/darwin-x64-0.17.14.tgz#4b49f195d9473625efc3c773fc757018f2c0d979"
  integrity sha512-zN0U8RWfrDttdFNkHqFYZtOH8hdi22z0pFm0aIJPsNC4QQZv7je8DWCX5iA4Zx6tRhS0CCc0XC2m7wKsbWEo5g==

"@esbuild/freebsd-arm64@0.17.14":
  version "0.17.14"
  resolved "https://registry.yarnpkg.com/@esbuild/freebsd-arm64/-/freebsd-arm64-0.17.14.tgz#480923fd38f644c6342c55e916cc7c231a85eeb7"
  integrity sha512-z0VcD4ibeZWVQCW1O7szaLxGsx54gcCnajEJMdYoYjLiq4g1jrP2lMq6pk71dbS5+7op/L2Aod+erw+EUr28/A==

"@esbuild/freebsd-x64@0.17.14":
  version "0.17.14"
  resolved "https://registry.yarnpkg.com/@esbuild/freebsd-x64/-/freebsd-x64-0.17.14.tgz#a6b6b01954ad8562461cb8a5e40e8a860af69cbe"
  integrity sha512-hd9mPcxfTgJlolrPlcXkQk9BMwNBvNBsVaUe5eNUqXut6weDQH8whcNaKNF2RO8NbpT6GY8rHOK2A9y++s+ehw==

"@esbuild/linux-arm64@0.17.14":
  version "0.17.14"
  resolved "https://registry.yarnpkg.com/@esbuild/linux-arm64/-/linux-arm64-0.17.14.tgz#1fe2f39f78183b59f75a4ad9c48d079916d92418"
  integrity sha512-FhAMNYOq3Iblcj9i+K0l1Fp/MHt+zBeRu/Qkf0LtrcFu3T45jcwB6A1iMsemQ42vR3GBhjNZJZTaCe3VFPbn9g==

"@esbuild/linux-arm@0.17.14":
  version "0.17.14"
  resolved "https://registry.yarnpkg.com/@esbuild/linux-arm/-/linux-arm-0.17.14.tgz#18d594a49b64e4a3a05022c005cb384a58056a2a"
  integrity sha512-BNTl+wSJ1omsH8s3TkQmIIIQHwvwJrU9u1ggb9XU2KTVM4TmthRIVyxSp2qxROJHhZuW/r8fht46/QE8hU8Qvg==

"@esbuild/linux-ia32@0.17.14":
  version "0.17.14"
  resolved "https://registry.yarnpkg.com/@esbuild/linux-ia32/-/linux-ia32-0.17.14.tgz#f7f0182a9cfc0159e0922ed66c805c9c6ef1b654"
  integrity sha512-91OK/lQ5y2v7AsmnFT+0EyxdPTNhov3y2CWMdizyMfxSxRqHazXdzgBKtlmkU2KYIc+9ZK3Vwp2KyXogEATYxQ==

"@esbuild/linux-loong64@0.17.14":
  version "0.17.14"
  resolved "https://registry.yarnpkg.com/@esbuild/linux-loong64/-/linux-loong64-0.17.14.tgz#5f5305fdffe2d71dd9a97aa77d0c99c99409066f"
  integrity sha512-vp15H+5NR6hubNgMluqqKza85HcGJgq7t6rMH7O3Y6ApiOWPkvW2AJfNojUQimfTp6OUrACUXfR4hmpcENXoMQ==

"@esbuild/linux-mips64el@0.17.14":
  version "0.17.14"
  resolved "https://registry.yarnpkg.com/@esbuild/linux-mips64el/-/linux-mips64el-0.17.14.tgz#a602e85c51b2f71d2aedfe7f4143b2f92f97f3f5"
  integrity sha512-90TOdFV7N+fgi6c2+GO9ochEkmm9kBAKnuD5e08GQMgMINOdOFHuYLPQ91RYVrnWwQ5683sJKuLi9l4SsbJ7Hg==

"@esbuild/linux-ppc64@0.17.14":
  version "0.17.14"
  resolved "https://registry.yarnpkg.com/@esbuild/linux-ppc64/-/linux-ppc64-0.17.14.tgz#32d918d782105cbd9345dbfba14ee018b9c7afdf"
  integrity sha512-NnBGeoqKkTugpBOBZZoktQQ1Yqb7aHKmHxsw43NddPB2YWLAlpb7THZIzsRsTr0Xw3nqiPxbA1H31ZMOG+VVPQ==

"@esbuild/linux-riscv64@0.17.14":
  version "0.17.14"
  resolved "https://registry.yarnpkg.com/@esbuild/linux-riscv64/-/linux-riscv64-0.17.14.tgz#38612e7b6c037dff7022c33f49ca17f85c5dec58"
  integrity sha512-0qdlKScLXA8MGVy21JUKvMzCYWovctuP8KKqhtE5A6IVPq4onxXhSuhwDd2g5sRCzNDlDjitc5sX31BzDoL5Fw==

"@esbuild/linux-s390x@0.17.14":
  version "0.17.14"
  resolved "https://registry.yarnpkg.com/@esbuild/linux-s390x/-/linux-s390x-0.17.14.tgz#4397dff354f899e72fd035d72af59a700c465ccb"
  integrity sha512-Hdm2Jo1yaaOro4v3+6/zJk6ygCqIZuSDJHdHaf8nVH/tfOuoEX5Riv03Ka15LmQBYJObUTNS1UdyoMk0WUn9Ww==

"@esbuild/linux-x64@0.17.14":
  version "0.17.14"
  resolved "https://registry.yarnpkg.com/@esbuild/linux-x64/-/linux-x64-0.17.14.tgz#6c5cb99891b6c3e0c08369da3ef465e8038ad9c2"
  integrity sha512-8KHF17OstlK4DuzeF/KmSgzrTWQrkWj5boluiiq7kvJCiQVzUrmSkaBvcLB2UgHpKENO2i6BthPkmUhNDaJsVw==

"@esbuild/netbsd-x64@0.17.14":
  version "0.17.14"
  resolved "https://registry.yarnpkg.com/@esbuild/netbsd-x64/-/netbsd-x64-0.17.14.tgz#5fa5255a64e9bf3947c1b3bef5e458b50b211994"
  integrity sha512-nVwpqvb3yyXztxIT2+VsxJhB5GCgzPdk1n0HHSnchRAcxqKO6ghXwHhJnr0j/B+5FSyEqSxF4q03rbA2fKXtUQ==

"@esbuild/openbsd-x64@0.17.14":
  version "0.17.14"
  resolved "https://registry.yarnpkg.com/@esbuild/openbsd-x64/-/openbsd-x64-0.17.14.tgz#74d14c79dcb6faf446878cc64284aa4e02f5ca6f"
  integrity sha512-1RZ7uQQ9zcy/GSAJL1xPdN7NDdOOtNEGiJalg/MOzeakZeTrgH/DoCkbq7TaPDiPhWqnDF+4bnydxRqQD7il6g==

"@esbuild/sunos-x64@0.17.14":
  version "0.17.14"
  resolved "https://registry.yarnpkg.com/@esbuild/sunos-x64/-/sunos-x64-0.17.14.tgz#5c7d1c7203781d86c2a9b2ff77bd2f8036d24cfa"
  integrity sha512-nqMjDsFwv7vp7msrwWRysnM38Sd44PKmW8EzV01YzDBTcTWUpczQg6mGao9VLicXSgW/iookNK6AxeogNVNDZA==

"@esbuild/win32-arm64@0.17.14":
  version "0.17.14"
  resolved "https://registry.yarnpkg.com/@esbuild/win32-arm64/-/win32-arm64-0.17.14.tgz#dc36ed84f1390e73b6019ccf0566c80045e5ca3d"
  integrity sha512-xrD0mccTKRBBIotrITV7WVQAwNJ5+1va6L0H9zN92v2yEdjfAN7864cUaZwJS7JPEs53bDTzKFbfqVlG2HhyKQ==

"@esbuild/win32-ia32@0.17.14":
  version "0.17.14"
  resolved "https://registry.yarnpkg.com/@esbuild/win32-ia32/-/win32-ia32-0.17.14.tgz#0802a107afa9193c13e35de15a94fe347c588767"
  integrity sha512-nXpkz9bbJrLLyUTYtRotSS3t5b+FOuljg8LgLdINWFs3FfqZMtbnBCZFUmBzQPyxqU87F8Av+3Nco/M3hEcu1w==

"@esbuild/win32-x64@0.17.14":
  version "0.17.14"
  resolved "https://registry.yarnpkg.com/@esbuild/win32-x64/-/win32-x64-0.17.14.tgz#e81fb49de05fed91bf74251c9ca0343f4fc77d31"
  integrity sha512-gPQmsi2DKTaEgG14hc3CHXHp62k8g6qr0Pas+I4lUxRMugGSATh/Bi8Dgusoz9IQ0IfdrvLpco6kujEIBoaogA==

"@napi-rs/magic-string-android-arm-eabi@0.3.4":
  version "0.3.4"
  resolved "https://registry.yarnpkg.com/@napi-rs/magic-string-android-arm-eabi/-/magic-string-android-arm-eabi-0.3.4.tgz#bce4998f7c07efbd3d110c64b10fd5a794fb1cdf"
  integrity sha512-sszAYxqtzzJ4FDerDNHcqL9NhqPhj8W4DNiOanXYy50mA5oojlRtaAFPiB5ZMrWDBM32v5Q30LrmxQ4eTtu2Dg==

"@napi-rs/magic-string-android-arm64@0.3.4":
  version "0.3.4"
  resolved "https://registry.yarnpkg.com/@napi-rs/magic-string-android-arm64/-/magic-string-android-arm64-0.3.4.tgz#635d484c129ed606f2cb1887bfd3e1265f7fd463"
  integrity sha512-jdQ6HuO0X5rkX4MauTcWR4HWdgjakTOmmzqXg8L26+jOHVVG1LZE+Su5qvV4bP8vMb2h+vPE+JsnwqSmWymu3Q==

"@napi-rs/magic-string-darwin-arm64@0.3.4":
  version "0.3.4"
  resolved "https://registry.yarnpkg.com/@napi-rs/magic-string-darwin-arm64/-/magic-string-darwin-arm64-0.3.4.tgz#356f37d0460ce8a2921e41e6772725bbb8bf551a"
  integrity sha512-6NmMtvURce9/oq09XBZmuIeI6lPLGtEJ2ZPO/QzL3nLZa6wygiCnO/sFACKYNg5/73ET5HMMTeuogE1JI+r2Lw==

"@napi-rs/magic-string-darwin-x64@0.3.4":
  version "0.3.4"
  resolved "https://registry.yarnpkg.com/@napi-rs/magic-string-darwin-x64/-/magic-string-darwin-x64-0.3.4.tgz#4d45ca902546b52a0dd41c1c8647967575ba4c01"
  integrity sha512-f9LmfMiUAKDOtl0meOuLYeVb6OERrgGzrTg1Tn3R3fTAShM2kxRbfAuPE9ljuXxIFzOv/uqRNLSl/LqCJwpREA==

"@napi-rs/magic-string-freebsd-x64@0.3.4":
  version "0.3.4"
  resolved "https://registry.yarnpkg.com/@napi-rs/magic-string-freebsd-x64/-/magic-string-freebsd-x64-0.3.4.tgz#0cdfe1a0a886b3ab5eb5f6998f3aabf08d609690"
  integrity sha512-rqduQ4odiDK4QdM45xHWRTU4wtFIfpp8g8QGpz+3qqg7ivldDqbbNOrBaf6Oeu77uuEvWggnkyuChotfKgJdJQ==

"@napi-rs/magic-string-linux-arm-gnueabihf@0.3.4":
  version "0.3.4"
  resolved "https://registry.yarnpkg.com/@napi-rs/magic-string-linux-arm-gnueabihf/-/magic-string-linux-arm-gnueabihf-0.3.4.tgz#58f0173472af7e8e592ca8197d5e2b667787a29e"
  integrity sha512-pVaJEdEpiPqIfq3M4+yMAATS7Z9muDcWYn8H7GFH1ygh8GwgLgKfy/n/lG2M6zp18Mwd0x7E2E/qg9GgCyUzoQ==

"@napi-rs/magic-string-linux-arm64-gnu@0.3.4":
  version "0.3.4"
  resolved "https://registry.yarnpkg.com/@napi-rs/magic-string-linux-arm64-gnu/-/magic-string-linux-arm64-gnu-0.3.4.tgz#7a829d2a75ff812b43d07ed247ca4d666677dd5c"
  integrity sha512-9FwoAih/0tzEZx0BjYYIxWkSRMjonIn91RFM3q3MBs/evmThXUYXUqLNa1PPIkK1JoksswtDi48qWWLt8nGflQ==

"@napi-rs/magic-string-linux-arm64-musl@0.3.4":
  version "0.3.4"
  resolved "https://registry.yarnpkg.com/@napi-rs/magic-string-linux-arm64-musl/-/magic-string-linux-arm64-musl-0.3.4.tgz#5a0b44382128c25c48fa529eccd9f46df706a34a"
  integrity sha512-wCR7R+WPOcAKmVQc1s6h6HwfwW1vL9pM8BjUY9Ljkdb8wt1LmZEmV2Sgfc1SfbRQzbyl+pKeufP6adRRQVzYDA==

"@napi-rs/magic-string-linux-x64-gnu@0.3.4":
  version "0.3.4"
  resolved "https://registry.yarnpkg.com/@napi-rs/magic-string-linux-x64-gnu/-/magic-string-linux-x64-gnu-0.3.4.tgz#2bcfef49f5a42b3b5df265d8c1ac1baf4591d35a"
  integrity sha512-sbxFDpYnt5WFbxQ1xozwOvh5A7IftqSI0WnE9O7KsQIOi0ej2dvFbfOW4tmFkvH/YP8KJELo5AhP2+kEq1DpYA==

"@napi-rs/magic-string-linux-x64-musl@0.3.4":
  version "0.3.4"
  resolved "https://registry.yarnpkg.com/@napi-rs/magic-string-linux-x64-musl/-/magic-string-linux-x64-musl-0.3.4.tgz#71f80f5fdb1cbca4dc0ff55c1b5ea171fc3eb8c4"
  integrity sha512-jN4h/7e2Ul8v3UK5IZu38NXLMdzVWhY4uEDlnwuUAhwRh26wBQ1/pLD97Uy/Z3dFNBQPcsv60XS9fOM1YDNT6w==

"@napi-rs/magic-string-win32-arm64-msvc@0.3.4":
  version "0.3.4"
  resolved "https://registry.yarnpkg.com/@napi-rs/magic-string-win32-arm64-msvc/-/magic-string-win32-arm64-msvc-0.3.4.tgz#8f1063bbedbb1491cd2748e908d92b0ab05801bf"
  integrity sha512-gMUyTRHLWpzX2ntJFCbW2Gnla9Y/WUmbkZuW5SBAo/Jo8QojHn76Y4PNgnoXdzcsV9b/45RBxurYKAfFg9WTyg==

"@napi-rs/magic-string-win32-ia32-msvc@0.3.4":
  version "0.3.4"
  resolved "https://registry.yarnpkg.com/@napi-rs/magic-string-win32-ia32-msvc/-/magic-string-win32-ia32-msvc-0.3.4.tgz#80c46a74580f0c4d05534ba9319418b6eb3629bd"
  integrity sha512-QIMauMOvEHgL00K9np/c9CT/CRtLOz3mRTQqcZ9XGzSoAMrpxH71KSpDJrKl7h7Ro6TZ+hJ0C3T+JVuTCZNv4A==

"@napi-rs/magic-string-win32-x64-msvc@0.3.4":
  version "0.3.4"
  resolved "https://registry.yarnpkg.com/@napi-rs/magic-string-win32-x64-msvc/-/magic-string-win32-x64-msvc-0.3.4.tgz#b720b6691a20bdb30d334ed6ae9879942ace427b"
  integrity sha512-V8FMSf828MzOI3P6/765MR7zHU6CUZqiyPhmAnwYoKFNxfv7oCviN/G6NcENeCdcYOvNgh5fYzaNLB96ndId5A==

"@napi-rs/magic-string@^0.3.4":
  version "0.3.4"
  resolved "https://registry.yarnpkg.com/@napi-rs/magic-string/-/magic-string-0.3.4.tgz#86c458578c857abee4ad53b7b42139774dfe6ac2"
  integrity sha512-DEWl/B99RQsyMT3F9bvrXuhL01/eIQp/dtNSE3G1jQ4mTGRcP4iHWxoPZ577WrbjUinrNgvRA5+08g8fkPgimQ==
  optionalDependencies:
    "@napi-rs/magic-string-android-arm-eabi" "0.3.4"
    "@napi-rs/magic-string-android-arm64" "0.3.4"
    "@napi-rs/magic-string-darwin-arm64" "0.3.4"
    "@napi-rs/magic-string-darwin-x64" "0.3.4"
    "@napi-rs/magic-string-freebsd-x64" "0.3.4"
    "@napi-rs/magic-string-linux-arm-gnueabihf" "0.3.4"
    "@napi-rs/magic-string-linux-arm64-gnu" "0.3.4"
    "@napi-rs/magic-string-linux-arm64-musl" "0.3.4"
    "@napi-rs/magic-string-linux-x64-gnu" "0.3.4"
    "@napi-rs/magic-string-linux-x64-musl" "0.3.4"
    "@napi-rs/magic-string-win32-arm64-msvc" "0.3.4"
    "@napi-rs/magic-string-win32-ia32-msvc" "0.3.4"
    "@napi-rs/magic-string-win32-x64-msvc" "0.3.4"

"@nodelib/fs.scandir@2.1.5":
  version "2.1.5"
  resolved "https://registry.yarnpkg.com/@nodelib/fs.scandir/-/fs.scandir-2.1.5.tgz#7619c2eb21b25483f6d167548b4cfd5a7488c3d5"
  integrity sha512-vq24Bq3ym5HEQm2NKCr3yXDwjc7vTsEThRDnkp2DK9p1uqLR+DHurm/NOTo0KG7HYHU7eppKZj3MyqYuMBf62g==
  dependencies:
    "@nodelib/fs.stat" "2.0.5"
    run-parallel "^1.1.9"

"@nodelib/fs.stat@2.0.5", "@nodelib/fs.stat@^2.0.2":
  version "2.0.5"
  resolved "https://registry.yarnpkg.com/@nodelib/fs.stat/-/fs.stat-2.0.5.tgz#5bd262af94e9d25bd1e71b05deed44876a222e8b"
  integrity sha512-RkhPPp2zrqDAQA/2jNhnztcPAlv64XdhIp7a7454A5ovI7Bukxgt7MX7udwAu3zg1DcpPU0rz3VV1SeaqvY4+A==

"@nodelib/fs.walk@^1.2.3":
  version "1.2.8"
  resolved "https://registry.yarnpkg.com/@nodelib/fs.walk/-/fs.walk-1.2.8.tgz#e95737e8bb6746ddedf69c556953494f196fe69a"
  integrity sha512-oGB+UxlgWcgQkgwo8GcEGwemoTFt3FIO9ababBmaGwXIoBKZ+GTy0pP185beGg7Llih/NSHSV2XAs1lnznocSg==
  dependencies:
    "@nodelib/fs.scandir" "2.1.5"
    fastq "^1.6.0"

"@types/offscreencanvas@^2019.6.4":
  version "2019.7.0"
  resolved "https://registry.yarnpkg.com/@types/offscreencanvas/-/offscreencanvas-2019.7.0.tgz#e4a932069db47bb3eabeb0b305502d01586fa90d"
  integrity sha512-PGcyveRIpL1XIqK8eBsmRBt76eFgtzuPiSTyKHZxnGemp2yzGzWpjYKAfK3wIMiU7eH+851yEpiuP8JZerTmWg==

"@types/stats.js@*":
  version "0.17.0"
  resolved "https://registry.yarnpkg.com/@types/stats.js/-/stats.js-0.17.0.tgz#0ed81d48e03b590c24da85540c1d952077a9fe20"
  integrity sha512-9w+a7bR8PeB0dCT/HBULU2fMqf6BAzvKbxFboYhmDtDkKPiyXYbjoe2auwsXlEFI7CFNMF1dCv3dFH5Poy9R1w==

"@types/three@^0.150.0":
  version "0.150.0"
  resolved "https://registry.yarnpkg.com/@types/three/-/three-0.150.0.tgz#efeeaac7c546aa4c7820cc37720569eeec25cb77"
  integrity sha512-AGhnz/pfV9lajfPMrzRyP/nySpZYfpoXdayGk0Tiwkzc6hsWOCkz/Q696Muxn9HV2EkQJ3u8g/dDt7jcP5Tecg==
  dependencies:
    "@types/stats.js" "*"
    "@types/webxr" "*"
    fflate "~0.6.9"
    lil-gui "~0.17.0"

"@types/webxr@*":
  version "0.5.1"
  resolved "https://registry.yarnpkg.com/@types/webxr/-/webxr-0.5.1.tgz#4908349419104bd476a4252d04e4c3abb496748d"
  integrity sha512-xlFXPfgJR5vIuDefhaHuUM9uUgvPaXB6GKdXy2gdEh8gBWQZ2ul24AJz3foUd8NNKlSTQuWYJpCb1/pL81m1KQ==

"@webgpu/glslang@^0.0.15":
  version "0.0.15"
  resolved "https://registry.yarnpkg.com/@webgpu/glslang/-/glslang-0.0.15.tgz#f5ccaf6015241e6175f4b90906b053f88483d1f2"
  integrity sha512-niT+Prh3Aff8Uf1MVBVUsaNjFj9rJAKDXuoHIKiQbB+6IUP/3J3JIhBNyZ7lDhytvXxw6ppgnwKZdDJ08UMj4Q==

balanced-match@^1.0.0:
  version "1.0.2"
  resolved "https://registry.yarnpkg.com/balanced-match/-/balanced-match-1.0.2.tgz#e83e3a7e3f300b34cb9d87f615fa0cbf357690ee"
  integrity sha512-3oSeUO0TMV67hN1AmbXsK4yaqU7tjiHlbxRDZOpH0KW9+CeX4bRAaX0Anxt0tx2MrpRpWwQaPwIlISEJhYU5Pw==

brace-expansion@^2.0.1:
  version "2.0.1"
  resolved "https://registry.yarnpkg.com/brace-expansion/-/brace-expansion-2.0.1.tgz#1edc459e0f0c548486ecf9fc99f2221364b9a0ae"
  integrity sha512-XnAIvQ8eM+kC6aULx6wuQiwVsnzsi9d3WxzV3FpWTGA19F621kwdbsAcFKXgKUHZWsy+mY6iL1sHTxWEFCytDA==
  dependencies:
    balanced-match "^1.0.0"

braces@^3.0.2:
  version "3.0.2"
  resolved "https://registry.yarnpkg.com/braces/-/braces-3.0.2.tgz#3454e1a462ee8d599e236df336cd9ea4f8afe107"
  integrity sha512-b8um+L1RzM3WDSzvhm6gIz1yfTbBt6YTlcEKAvsmqCZZFw46z626lVj9j1yEPW33H5H+lBQpZMP1k8l+78Ha0A==
  dependencies:
    fill-range "^7.0.1"

chevrotain@^10.1.2:
  version "10.5.0"
  resolved "https://registry.yarnpkg.com/chevrotain/-/chevrotain-10.5.0.tgz#9c1dc62ef0753bb562dbe521b5f72d041bad624e"
  integrity sha512-Pkv5rBY3+CsHOYfV5g/Vs5JY9WTHHDEKOlohI2XeygaZhUeqhAlldZ8Hz9cRmxu709bvS08YzxHdTPHhffc13A==
  dependencies:
    "@chevrotain/cst-dts-gen" "10.5.0"
    "@chevrotain/gast" "10.5.0"
    "@chevrotain/types" "10.5.0"
    "@chevrotain/utils" "10.5.0"
    lodash "4.17.21"
    regexp-to-ast "0.5.0"

draco3d@^1.4.1:
  version "1.5.6"
  resolved "https://registry.yarnpkg.com/draco3d/-/draco3d-1.5.6.tgz#0d570a9792e3a3a9fafbfea065b692940441c626"
  integrity sha512-+3NaRjWktb5r61ZFoDejlykPEFKT5N/LkbXsaddlw6xNSXBanUYpFc2AXXpbJDilPHazcSreU/DpQIaxfX0NfQ==

ecs-lib@^0.8.0-pre.2:
  version "0.8.0-pre.2"
  resolved "https://registry.yarnpkg.com/ecs-lib/-/ecs-lib-0.8.0-pre.2.tgz#d2fbe6fcf58f6e4fecaa5df19596d072b847299a"
  integrity sha512-eG2WR4DkyxBY8SSpiNJWtESSVynxBUo/CPcsaY6kXtI62PFr2tXcfic7rGujjqj+tjbakXO5vZP8mb7fhpuAXw==

esbuild@^0.17.5:
  version "0.17.14"
  resolved "https://registry.yarnpkg.com/esbuild/-/esbuild-0.17.14.tgz#d61a22de751a3133f3c6c7f9c1c3e231e91a3245"
  integrity sha512-vOO5XhmVj/1XQR9NQ1UPq6qvMYL7QFJU57J5fKBKBKxp17uDt5PgxFDb4A2nEiXhr1qQs4x0F5+66hVVw4ruNw==
  optionalDependencies:
    "@esbuild/android-arm" "0.17.14"
    "@esbuild/android-arm64" "0.17.14"
    "@esbuild/android-x64" "0.17.14"
    "@esbuild/darwin-arm64" "0.17.14"
    "@esbuild/darwin-x64" "0.17.14"
    "@esbuild/freebsd-arm64" "0.17.14"
    "@esbuild/freebsd-x64" "0.17.14"
    "@esbuild/linux-arm" "0.17.14"
    "@esbuild/linux-arm64" "0.17.14"
    "@esbuild/linux-ia32" "0.17.14"
    "@esbuild/linux-loong64" "0.17.14"
    "@esbuild/linux-mips64el" "0.17.14"
    "@esbuild/linux-ppc64" "0.17.14"
    "@esbuild/linux-riscv64" "0.17.14"
    "@esbuild/linux-s390x" "0.17.14"
    "@esbuild/linux-x64" "0.17.14"
    "@esbuild/netbsd-x64" "0.17.14"
    "@esbuild/openbsd-x64" "0.17.14"
    "@esbuild/sunos-x64" "0.17.14"
    "@esbuild/win32-arm64" "0.17.14"
    "@esbuild/win32-ia32" "0.17.14"
    "@esbuild/win32-x64" "0.17.14"

fast-glob@^3.2.12:
  version "3.2.12"
  resolved "https://registry.yarnpkg.com/fast-glob/-/fast-glob-3.2.12.tgz#7f39ec99c2e6ab030337142da9e0c18f37afae80"
  integrity sha512-DVj4CQIYYow0BlaelwK1pHl5n5cRSJfM60UA0zK891sVInoPri2Ekj7+e1CT3/3qxXenpI+nBBmQAcJPJgaj4w==
  dependencies:
    "@nodelib/fs.stat" "^2.0.2"
    "@nodelib/fs.walk" "^1.2.3"
    glob-parent "^5.1.2"
    merge2 "^1.3.0"
    micromatch "^4.0.4"

fastq@^1.6.0:
  version "1.15.0"
  resolved "https://registry.yarnpkg.com/fastq/-/fastq-1.15.0.tgz#d04d07c6a2a68fe4599fea8d2e103a937fae6b3a"
  integrity sha512-wBrocU2LCXXa+lWBt8RoIRD89Fi8OdABODa/kEnyeyjS5aZO5/GNvI5sEINADqP/h8M29UHTHUb53sUu5Ihqdw==
  dependencies:
    reusify "^1.0.4"

fflate@^0.6.9, fflate@~0.6.9:
  version "0.6.10"
  resolved "https://registry.yarnpkg.com/fflate/-/fflate-0.6.10.tgz#5f40f9659205936a2d18abf88b2e7781662b6d43"
  integrity sha512-IQrh3lEPM93wVCEczc9SaAOvkmcoQn/G8Bo1e8ZPlY3X3bnAxWaBdvTdvM1hP62iZp0BXWDy4vTAy4fF0+Dlpg==

fill-range@^7.0.1:
  version "7.0.1"
  resolved "https://registry.yarnpkg.com/fill-range/-/fill-range-7.0.1.tgz#1919a6a7c75fe38b2c7c77e5198535da9acdda40"
  integrity sha512-qOo9F+dMUmC2Lcb4BbVvnKJxTPjCm+RRpe4gDuGrzkL7mEVl/djYSu2OdQ2Pa302N4oqkSg9ir6jaLWJ2USVpQ==
  dependencies:
    to-regex-range "^5.0.1"

fsevents@~2.3.2:
  version "2.3.2"
  resolved "https://registry.yarnpkg.com/fsevents/-/fsevents-2.3.2.tgz#8a526f78b8fdf4623b709e0b975c52c24c02fd1a"
  integrity sha512-xiqMQR4xAeHTuB9uWm+fFRcIOgKBMiOBP+eXiyT7jsgVCq1bkVygt00oASowB7EdtpOHaaPgKt812P9ab+DDKA==

function-bind@^1.1.1:
  version "1.1.1"
  resolved "https://registry.yarnpkg.com/function-bind/-/function-bind-1.1.1.tgz#a56899d3ea3c9bab874bb9773b7c5ede92f4895d"
  integrity sha512-yIovAzMX49sF8Yl58fSCWJ5svSLuaibPxXQJFLmBObTuCr0Mf1KiPopGM9NiFjiYBCbfaa2Fh6breQ6ANVTI0A==

glob-parent@^5.1.2:
  version "5.1.2"
  resolved "https://registry.yarnpkg.com/glob-parent/-/glob-parent-5.1.2.tgz#869832c58034fe68a4093c17dc15e8340d8401c4"
  integrity sha512-AOIgSQCepiJYwP3ARnGx+5VnTu2HBYdzbGP45eLw1vr3zB3vZLeyed1sC9hnbcOc9/SrMyM5RPQrkGz4aS9Zow==
  dependencies:
    is-glob "^4.0.1"

has@^1.0.3:
  version "1.0.3"
  resolved "https://registry.yarnpkg.com/has/-/has-1.0.3.tgz#722d7cbfc1f6aa8241f16dd814e011e1f41e8796"
  integrity sha512-f2dvO0VU6Oej7RkWJGrehjbzMAjFp5/VKPp5tTpWIV4JHHZK1/BxbFRtf/siA2SWTe09caDmVtYYzWEIbBS4zw==
  dependencies:
    function-bind "^1.1.1"

is-core-module@^2.9.0:
  version "2.11.0"
  resolved "https://registry.yarnpkg.com/is-core-module/-/is-core-module-2.11.0.tgz#ad4cb3e3863e814523c96f3f58d26cc570ff0144"
  integrity sha512-RRjxlvLDkD1YJwDbroBHMb+cukurkDWNyHx7D3oNB5x9rb5ogcksMC5wHCadcXoo67gVr/+3GFySh3134zi6rw==
  dependencies:
    has "^1.0.3"

is-extglob@^2.1.1:
  version "2.1.1"
  resolved "https://registry.yarnpkg.com/is-extglob/-/is-extglob-2.1.1.tgz#a88c02535791f02ed37c76a1b9ea9773c833f8c2"
  integrity sha512-SbKbANkN603Vi4jEZv49LeVJMn4yGwsbzZworEoyEiutsN3nJYdbO36zfhGJ6QEDpOZIFkDtnq5JRxmvl3jsoQ==

is-glob@^4.0.1:
  version "4.0.3"
  resolved "https://registry.yarnpkg.com/is-glob/-/is-glob-4.0.3.tgz#64f61e42cbbb2eec2071a9dac0b28ba1e65d5084"
  integrity sha512-xelSayHH36ZgE7ZWhli7pW34hNbNl8Ojv5KVmkJD4hBdD3th8Tfk9vYasLM+mXWOZhFkgZfxhLSnrwRr4elSSg==
  dependencies:
    is-extglob "^2.1.1"

is-number@^7.0.0:
  version "7.0.0"
  resolved "https://registry.yarnpkg.com/is-number/-/is-number-7.0.0.tgz#7535345b896734d5f80c4d06c50955527a14f12b"
  integrity sha512-41Cifkg6e8TylSpdtTpeLVMqvSBEVzTttHvERD741+pnZ8ANv0004MRL43QKPDlK9cGvNp6NZWZUBlbGXYxxng==

ktx-parse@^0.4.5:
  version "0.4.5"
  resolved "https://registry.yarnpkg.com/ktx-parse/-/ktx-parse-0.4.5.tgz#79905e22281a9d3e602b2ff522df1ee7d1813aa6"
  integrity sha512-MK3FOody4TXbFf8Yqv7EBbySw7aPvEcPX++Ipt6Sox+/YMFvR5xaTyhfNSk1AEmMy+RYIw81ctN4IMxCB8OAlg==

lil-gui@~0.17.0:
  version "0.17.0"
  resolved "https://registry.yarnpkg.com/lil-gui/-/lil-gui-0.17.0.tgz#b41ae55d0023fcd9185f7395a218db0f58189663"
  integrity sha512-MVBHmgY+uEbmJNApAaPbtvNh1RCAeMnKym82SBjtp5rODTYKWtM+MXHCifLe2H2Ti1HuBGBtK/5SyG4ShQ3pUQ==

lodash@4.17.21:
  version "4.17.21"
  resolved "https://registry.yarnpkg.com/lodash/-/lodash-4.17.21.tgz#679591c564c3bffaae8454cf0b3df370c3d6911c"
  integrity sha512-v2kDEe57lecTulaDIuNTPy3Ry4gLGJ6Z1O3vE1krgXZNrsQ+LFTGHVxVjcXPs17LhbZVGedAJv8XZ1tvj5FvSg==

merge2@^1.3.0:
  version "1.4.1"
  resolved "https://registry.yarnpkg.com/merge2/-/merge2-1.4.1.tgz#4368892f885e907455a6fd7dc55c0c9d404990ae"
  integrity sha512-8q7VEgMJW4J8tcfVPy8g09NcQwZdbwFEqhe/WZkoIzjn/3TGDwtOCYtXGxA3O8tPzpczCCDgv+P2P5y00ZJOOg==

micromatch@^4.0.4:
  version "4.0.5"
  resolved "https://registry.yarnpkg.com/micromatch/-/micromatch-4.0.5.tgz#bc8999a7cbbf77cdc89f132f6e467051b49090c6"
  integrity sha512-DMy+ERcEW2q8Z2Po+WNXuw3c5YaUSFjAO5GsJqfEl7UjvtIuFKO6ZrKvcItdy98dwFI2N1tg3zNIdKaQT+aNdA==
  dependencies:
    braces "^3.0.2"
    picomatch "^2.3.1"

minimatch@^6.1.6:
  version "6.2.0"
  resolved "https://registry.yarnpkg.com/minimatch/-/minimatch-6.2.0.tgz#2b70fd13294178c69c04dfc05aebdb97a4e79e42"
  integrity sha512-sauLxniAmvnhhRjFwPNnJKaPFYyddAgbYdeUpHULtCT/GhzdCx/MDNy+Y40lBxTQUrMzDE8e0S43Z5uqfO0REg==
  dependencies:
    brace-expansion "^2.0.1"

mmd-parser@^1.0.4:
  version "1.0.4"
  resolved "https://registry.yarnpkg.com/mmd-parser/-/mmd-parser-1.0.4.tgz#87cc05782cb5974ca854f0303fc5147bc9d690e7"
  integrity sha512-Qi0VCU46t2IwfGv5KF0+D/t9cizcDug7qnNoy9Ggk7aucp0tssV8IwTMkBlDbm+VqAf3cdQHTCARKSsuS2MYFg==

nanoid@^3.3.4:
  version "3.3.6"
  resolved "https://registry.yarnpkg.com/nanoid/-/nanoid-3.3.6.tgz#443380c856d6e9f9824267d960b4236ad583ea4c"
  integrity sha512-BGcqMMJuToF7i1rt+2PWSNVnWIkGCU78jBG3RxO/bZlnZPK2Cmi2QaffxGO/2RvWi9sL+FAiRiXMgsyxQ1DIDA==

opentype.js@^1.3.3:
  version "1.3.4"
  resolved "https://registry.yarnpkg.com/opentype.js/-/opentype.js-1.3.4.tgz#1c0e72e46288473cc4a4c6a2dc60fd7fe6020d77"
  integrity sha512-d2JE9RP/6uagpQAVtJoF0pJJA/fgai89Cc50Yp0EJHk+eLp6QQ7gBoblsnubRULNY132I0J1QKMJ+JTbMqz4sw==
  dependencies:
    string.prototype.codepointat "^0.2.1"
    tiny-inflate "^1.0.3"

path-parse@^1.0.7:
  version "1.0.7"
  resolved "https://registry.yarnpkg.com/path-parse/-/path-parse-1.0.7.tgz#fbc114b60ca42b30d9daf5858e4bd68bbedb6735"
  integrity sha512-LDJzPVEEEPR+y48z93A0Ed0yXb8pAByGWo/k5YYdYgpY2/2EsOsksJrq7lOHxryrVOn1ejG6oAp8ahvOIQD8sw==

picocolors@^1.0.0:
  version "1.0.0"
  resolved "https://registry.yarnpkg.com/picocolors/-/picocolors-1.0.0.tgz#cb5bdc74ff3f51892236eaf79d68bc44564ab81c"
  integrity sha512-1fygroTLlHu66zi26VoTDv8yRgm0Fccecssto+MhsZ0D/DGW2sm8E8AjW7NU5VVTRt5GxbeZ5qBuJr+HyLYkjQ==

picomatch@^2.3.1:
  version "2.3.1"
  resolved "https://registry.yarnpkg.com/picomatch/-/picomatch-2.3.1.tgz#3ba3833733646d9d3e4995946c1365a67fb07a42"
  integrity sha512-JU3teHTNjmE2VCGFzuY8EXzCDVwEqB2a8fsIvwaStHhAWJEeVd1o1QD80CU6+ZdEXXSLbSsuLwJjkCBWqRQUVA==

postcss@^8.4.21:
  version "8.4.21"
  resolved "https://registry.yarnpkg.com/postcss/-/postcss-8.4.21.tgz#c639b719a57efc3187b13a1d765675485f4134f4"
  integrity sha512-tP7u/Sn/dVxK2NnruI4H9BG+x+Wxz6oeZ1cJ8P6G/PZY0IKk4k/63TDsQf2kQq3+qoJeLm2kIBUNlZe3zgb4Zg==
  dependencies:
    nanoid "^3.3.4"
    picocolors "^1.0.0"
    source-map-js "^1.0.2"

potpack@^1.0.1:
  version "1.0.2"
  resolved "https://registry.yarnpkg.com/potpack/-/potpack-1.0.2.tgz#23b99e64eb74f5741ffe7656b5b5c4ddce8dfc14"
  integrity sha512-choctRBIV9EMT9WGAZHn3V7t0Z2pMQyl0EZE6pFc/6ml3ssw7Dlf/oAOvFwjm1HVsqfQN8GfeFyJ+d8tRzqueQ==

queue-microtask@^1.2.2:
  version "1.2.3"
  resolved "https://registry.yarnpkg.com/queue-microtask/-/queue-microtask-1.2.3.tgz#4929228bbc724dfac43e0efb058caf7b6cfb6243"
  integrity sha512-NuaNSa6flKT5JaSYQzJok04JzTL1CA6aGhv5rfLW3PgqA+M2ChpZQnAC8h8i4ZFkBS8X5RqkDBHA7r4hej3K9A==

regenerator-runtime@^0.13.11:
  version "0.13.11"
  resolved "https://registry.yarnpkg.com/regenerator-runtime/-/regenerator-runtime-0.13.11.tgz#f6dca3e7ceec20590d07ada785636a90cdca17f9"
  integrity sha512-kY1AZVr2Ra+t+piVaJ4gxaFaReZVH40AKNo7UCX6W+dEwBo/2oZJzqfuN1qLq1oL45o56cPaTXELwrTh8Fpggg==

regexp-to-ast@0.5.0:
  version "0.5.0"
  resolved "https://registry.yarnpkg.com/regexp-to-ast/-/regexp-to-ast-0.5.0.tgz#56c73856bee5e1fef7f73a00f1473452ab712a24"
  integrity sha512-tlbJqcMHnPKI9zSrystikWKwHkBqu2a/Sgw01h3zFjvYrMxEDYHzzoMZnUrbIfpTFEsoRnnviOXNCzFiSc54Qw==

resolve@^1.22.1:
  version "1.22.1"
  resolved "https://registry.yarnpkg.com/resolve/-/resolve-1.22.1.tgz#27cb2ebb53f91abb49470a928bba7558066ac177"
  integrity sha512-nBpuuYuY5jFsli/JIs1oldw6fOQCBioohqWZg/2hiaOybXOft4lonv85uDOKXdf8rhyK159cxU5cDcK/NKk8zw==
  dependencies:
    is-core-module "^2.9.0"
    path-parse "^1.0.7"
    supports-preserve-symlinks-flag "^1.0.0"

reusify@^1.0.4:
  version "1.0.4"
  resolved "https://registry.yarnpkg.com/reusify/-/reusify-1.0.4.tgz#90da382b1e126efc02146e90845a88db12925d76"
  integrity sha512-U9nH88a3fc/ekCF1l0/UP1IosiuIjyTh7hBvXVMHYgVcfGvt897Xguj2UOLDeI5BG2m7/uwyaLVT6fbtCwTyzw==

rollup@^3.18.0:
  version "3.20.2"
  resolved "https://registry.yarnpkg.com/rollup/-/rollup-3.20.2.tgz#f798c600317f216de2e4ad9f4d9ab30a89b690ff"
  integrity sha512-3zwkBQl7Ai7MFYQE0y1MeQ15+9jsi7XxfrqwTb/9EK8D9C9+//EBR4M+CuA1KODRaNbFez/lWxA5vhEGZp4MUg==
  optionalDependencies:
    fsevents "~2.3.2"

run-parallel@^1.1.9:
  version "1.2.0"
  resolved "https://registry.yarnpkg.com/run-parallel/-/run-parallel-1.2.0.tgz#66d1368da7bdf921eb9d95bd1a9229e7f21a43ee"
  integrity sha512-5l4VyZR86LZ/lDxZTR6jqL8AFE2S0IFLMP26AbjsLVADxHdhB/c0GUsH+y39UfCi3dzz8OlQuPmnaJOMoDHQBA==
  dependencies:
    queue-microtask "^1.2.2"

source-map-js@^1.0.2:
  version "1.0.2"
  resolved "https://registry.yarnpkg.com/source-map-js/-/source-map-js-1.0.2.tgz#adbc361d9c62df380125e7f161f71c826f1e490c"
  integrity sha512-R0XvVJ9WusLiqTCEiGCmICCMplcCkIwwR11mOSD9CR5u+IXYdiseeEuXCVAjS54zqwkLcPNnmU4OeJ6tUrWhDw==

string.prototype.codepointat@^0.2.1:
  version "0.2.1"
  resolved "https://registry.yarnpkg.com/string.prototype.codepointat/-/string.prototype.codepointat-0.2.1.tgz#004ad44c8afc727527b108cd462b4d971cd469bc"
  integrity sha512-2cBVCj6I4IOvEnjgO/hWqXjqBGsY+zwPmHl12Srk9IXSZ56Jwwmy+66XO5Iut/oQVR7t5ihYdLB0GMa4alEUcg==

supports-preserve-symlinks-flag@^1.0.0:
  version "1.0.0"
  resolved "https://registry.yarnpkg.com/supports-preserve-symlinks-flag/-/supports-preserve-symlinks-flag-1.0.0.tgz#6eda4bd344a3c94aea376d4cc31bc77311039e09"
  integrity sha512-ot0WnXS9fgdkgIcePe6RHNk1WA8+muPa6cSjeR3V8K27q9BB1rTE3R1p7Hv0z1ZyAc8s6Vvv8DIyWf681MAt0w==

three-stdlib@^2.21.8:
  version "2.21.8"
  resolved "https://registry.yarnpkg.com/three-stdlib/-/three-stdlib-2.21.8.tgz#37b11b7f62d07b10742c212153b14db21433b3c6"
  integrity sha512-kqisiKvO4mSy59v5vWqBQSH8famLxp7Z51LxpMJI9GwDxqODaW02rhIwmjYDEzZWNFpjZpoDHVGbdpeHf8h3SA==
  dependencies:
    "@babel/runtime" "^7.16.7"
    "@types/offscreencanvas" "^2019.6.4"
    "@webgpu/glslang" "^0.0.15"
    chevrotain "^10.1.2"
    draco3d "^1.4.1"
    fflate "^0.6.9"
    ktx-parse "^0.4.5"
    mmd-parser "^1.0.4"
    opentype.js "^1.3.3"
    potpack "^1.0.1"
    zstddec "^0.0.2"

three@^0.151.2:
  version "0.151.2"
  resolved "https://registry.yarnpkg.com/three/-/three-0.151.2.tgz#b5b1906165499fa0586dd4adcc8c40dd781514c2"
  integrity sha512-tGaLRP2H6++tj2JumHD25slhFAx0C619rl6G6Utjq7JTrDGJwDxpu+J2XpnYIUMfEmhNvIFDQJfp79JtKmNBWw==

tiny-inflate@^1.0.3:
  version "1.0.3"
  resolved "https://registry.yarnpkg.com/tiny-inflate/-/tiny-inflate-1.0.3.tgz#122715494913a1805166aaf7c93467933eea26c4"
  integrity sha512-pkY1fj1cKHb2seWDy0B16HeWyczlJA9/WW3u3c4z/NiWDsO3DOU5D7nhTLE9CF0yXv/QZFY7sEJmj24dK+Rrqw==

to-regex-range@^5.0.1:
  version "5.0.1"
  resolved "https://registry.yarnpkg.com/to-regex-range/-/to-regex-range-5.0.1.tgz#1648c44aae7c8d988a326018ed72f5b4dd0392e4"
  integrity sha512-65P7iz6X5yEr1cwcgvQxbbIw7Uk3gOy5dIdtZ4rDveLqhrdJP+Li/Hx6tyK0NEb+2GCyneCMJiGqrADCSNk8sQ==
  dependencies:
    is-number "^7.0.0"

typescript@^4.9.3:
  version "4.9.5"
  resolved "https://registry.yarnpkg.com/typescript/-/typescript-4.9.5.tgz#095979f9bcc0d09da324d58d03ce8f8374cbe65a"
  integrity sha512-1FXk9E2Hm+QzZQ7z+McJiHL4NW1F2EzMu9Nq9i3zAaGqibafqYwCVU6WyWAuyQRRzOlxou8xZSyXLEN8oKj24g==

vite-plugin-plain-text@^1.4.2:
  version "1.4.2"
  resolved "https://registry.yarnpkg.com/vite-plugin-plain-text/-/vite-plugin-plain-text-1.4.2.tgz#69811b8588c2d6341422c325d239cbfc90bc8df4"
  integrity sha512-nkCWW16lkTidaGZ9kItwMZ5OEkUeXMrY4Okc9IQXrN/p6SAuDYmEiGqMRKl1rnhm6CR1h98uJtn+ODkv0cL7DA==
  dependencies:
    "@napi-rs/magic-string" "^0.3.4"
    fast-glob "^3.2.12"
    minimatch "^6.1.6"

vite@^4.2.0:
  version "4.2.1"
  resolved "https://registry.yarnpkg.com/vite/-/vite-4.2.1.tgz#6c2eb337b0dfd80a9ded5922163b94949d7fc254"
  integrity sha512-7MKhqdy0ISo4wnvwtqZkjke6XN4taqQ2TBaTccLIpOKv7Vp2h4Y+NpmWCnGDeSvvn45KxvWgGyb0MkHvY1vgbg==
  dependencies:
    esbuild "^0.17.5"
    postcss "^8.4.21"
    resolve "^1.22.1"
    rollup "^3.18.0"
  optionalDependencies:
    fsevents "~2.3.2"

zod@^3.21.4:
  version "3.21.4"
  resolved "https://registry.yarnpkg.com/zod/-/zod-3.21.4.tgz#10882231d992519f0a10b5dd58a38c9dabbb64db"
  integrity sha512-m46AKbrzKVzOzs/DZgVnG5H55N1sv1M8qZU3A8RIKbs3mrACDNeIOeilDymVb2HdmP8uwshOCF4uJ8uM9rCqJw==

zstddec@^0.0.2:
  version "0.0.2"
  resolved "https://registry.yarnpkg.com/zstddec/-/zstddec-0.0.2.tgz#57e2f28dd1ff56b750e07d158a43f0611ad9eeb4"
  integrity sha512-DCo0oxvcvOTGP/f5FA6tz2Z6wF+FIcEApSTu0zV5sQgn9hoT5lZ9YRAKUraxt9oP7l4e8TnNdi8IZTCX6WCkwA==
