# THIS IS AN AUTOGENERATED FILE. DO NOT EDIT THIS FILE DIRECTLY.
# yarn lockfile v1


"@babel/runtime@^7.16.7":
  version "7.21.0"
  resolved "https://registry.yarnpkg.com/@babel/runtime/-/runtime-7.21.0.tgz#5b55c9d394e5fcf304909a8b00c07dc217b56673"
  integrity sha512-xwII0//EObnq89Ji5AKYQaRYiW/nZ3llSv29d49IuxPhKbtJoLP+9QUUZ4nVragQVtaVGeZrpB+ZtG/Pdy/POw==
  dependencies:
    regenerator-runtime "^0.13.11"

"@chevrotain/cst-dts-gen@10.5.0":
  version "10.5.0"
  resolved "https://registry.yarnpkg.com/@chevrotain/cst-dts-gen/-/cst-dts-gen-10.5.0.tgz#922ebd8cc59d97241bb01b1b17561a5c1ae0124e"
  integrity sha512-lhmC/FyqQ2o7pGK4Om+hzuDrm9rhFYIJ/AXoQBeongmn870Xeb0L6oGEiuR8nohFNL5sMaQEJWCxr1oIVIVXrw==
  dependencies:
    "@chevrotain/gast" "10.5.0"
    "@chevrotain/types" "10.5.0"
    lodash "4.17.21"

"@chevrotain/gast@10.5.0":
  version "10.5.0"
  resolved "https://registry.yarnpkg.com/@chevrotain/gast/-/gast-10.5.0.tgz#e4e614bc46d17a8892742f38e56cd33f1f3ad162"
  integrity sha512-pXdMJ9XeDAbgOWKuD1Fldz4ieCs6+nLNmyVhe2gZVqoO7v8HXuHYs5OV2EzUtbuai37TlOAQHrTDvxMnvMJz3A==
  dependencies:
    "@chevrotain/types" "10.5.0"
    lodash "4.17.21"

"@chevrotain/types@10.5.0":
  version "10.5.0"
  resolved "https://registry.yarnpkg.com/@chevrotain/types/-/types-10.5.0.tgz#52a97d74a8cfbc197f054636d93ecd8912d33d21"
  integrity sha512-f1MAia0x/pAVPWH/T73BJVyO2XU5tI4/iE7cnxb7tqdNTNhQI3Uq3XkqcoteTmD4t1aM0LbHCJOhgIDn07kl2A==

"@chevrotain/utils@10.5.0":
  version "10.5.0"
  resolved "https://registry.yarnpkg.com/@chevrotain/utils/-/utils-10.5.0.tgz#0ee36f65b49b447fbac71b9e5af5c5c6c98ac057"
  integrity sha512-hBzuU5+JjB2cqNZyszkDHZgOSrUUT8V3dhgRl8Q9Gp6dAj/H5+KILGjbhDpc3Iy9qmqlm/akuOI2ut9VUtzJxQ==

"@cspotcode/source-map-support@^0.8.0":
  version "0.8.1"
  resolved "https://registry.yarnpkg.com/@cspotcode/source-map-support/-/source-map-support-0.8.1.tgz#00629c35a688e05a88b1cda684fb9d5e73f000a1"
  integrity sha512-IchNf6dN4tHoMFIn/7OE8LWZ19Y6q/67Bmf6vnGREv8RSbBVb9LPJxEcnwrcwX6ixSvaiGoomAUvu4YSxXrVgw==
  dependencies:
    "@jridgewell/trace-mapping" "0.3.9"

"@esbuild/android-arm64@0.17.14":
  version "0.17.14"
  resolved "https://registry.yarnpkg.com/@esbuild/android-arm64/-/android-arm64-0.17.14.tgz#4624cea3c8941c91f9e9c1228f550d23f1cef037"
  integrity sha512-eLOpPO1RvtsP71afiFTvS7tVFShJBCT0txiv/xjFBo5a7R7Gjw7X0IgIaFoLKhqXYAXhahoXm7qAmRXhY4guJg==

"@esbuild/android-arm@0.17.14":
  version "0.17.14"
  resolved "https://registry.yarnpkg.com/@esbuild/android-arm/-/android-arm-0.17.14.tgz#74fae60fcab34c3f0e15cb56473a6091ba2b53a6"
  integrity sha512-0CnlwnjDU8cks0yJLXfkaU/uoLyRf9VZJs4p1PskBr2AlAHeEsFEwJEo0of/Z3g+ilw5mpyDwThlxzNEIxOE4g==

"@esbuild/android-x64@0.17.14":
  version "0.17.14"
  resolved "https://registry.yarnpkg.com/@esbuild/android-x64/-/android-x64-0.17.14.tgz#f002fbc08d5e939d8314bd23bcfb1e95d029491f"
  integrity sha512-nrfQYWBfLGfSGLvRVlt6xi63B5IbfHm3tZCdu/82zuFPQ7zez4XjmRtF/wIRYbJQ/DsZrxJdEvYFE67avYXyng==

"@esbuild/darwin-arm64@0.17.14":
  version "0.17.14"
  resolved "https://registry.yarnpkg.com/@esbuild/darwin-arm64/-/darwin-arm64-0.17.14.tgz#b8dcd79a1dd19564950b4ca51d62999011e2e168"
  integrity sha512-eoSjEuDsU1ROwgBH/c+fZzuSyJUVXQTOIN9xuLs9dE/9HbV/A5IqdXHU1p2OfIMwBwOYJ9SFVGGldxeRCUJFyw==

"@esbuild/darwin-x64@0.17.14":
  version "0.17.14"
  resolved "https://registry.yarnpkg.com/@esbuild/darwin-x64/-/darwin-x64-0.17.14.tgz#4b49f195d9473625efc3c773fc757018f2c0d979"
  integrity sha512-zN0U8RWfrDttdFNkHqFYZtOH8hdi22z0pFm0aIJPsNC4QQZv7je8DWCX5iA4Zx6tRhS0CCc0XC2m7wKsbWEo5g==

"@esbuild/freebsd-arm64@0.17.14":
  version "0.17.14"
  resolved "https://registry.yarnpkg.com/@esbuild/freebsd-arm64/-/freebsd-arm64-0.17.14.tgz#480923fd38f644c6342c55e916cc7c231a85eeb7"
  integrity sha512-z0VcD4ibeZWVQCW1O7szaLxGsx54gcCnajEJMdYoYjLiq4g1jrP2lMq6pk71dbS5+7op/L2Aod+erw+EUr28/A==

"@esbuild/freebsd-x64@0.17.14":
  version "0.17.14"
  resolved "https://registry.yarnpkg.com/@esbuild/freebsd-x64/-/freebsd-x64-0.17.14.tgz#a6b6b01954ad8562461cb8a5e40e8a860af69cbe"
  integrity sha512-hd9mPcxfTgJlolrPlcXkQk9BMwNBvNBsVaUe5eNUqXut6weDQH8whcNaKNF2RO8NbpT6GY8rHOK2A9y++s+ehw==

"@esbuild/linux-arm64@0.17.14":
  version "0.17.14"
  resolved "https://registry.yarnpkg.com/@esbuild/linux-arm64/-/linux-arm64-0.17.14.tgz#1fe2f39f78183b59f75a4ad9c48d079916d92418"
  integrity sha512-FhAMNYOq3Iblcj9i+K0l1Fp/MHt+zBeRu/Qkf0LtrcFu3T45jcwB6A1iMsemQ42vR3GBhjNZJZTaCe3VFPbn9g==

"@esbuild/linux-arm@0.17.14":
  version "0.17.14"
  resolved "https://registry.yarnpkg.com/@esbuild/linux-arm/-/linux-arm-0.17.14.tgz#18d594a49b64e4a3a05022c005cb384a58056a2a"
  integrity sha512-BNTl+wSJ1omsH8s3TkQmIIIQHwvwJrU9u1ggb9XU2KTVM4TmthRIVyxSp2qxROJHhZuW/r8fht46/QE8hU8Qvg==

"@esbuild/linux-ia32@0.17.14":
  version "0.17.14"
  resolved "https://registry.yarnpkg.com/@esbuild/linux-ia32/-/linux-ia32-0.17.14.tgz#f7f0182a9cfc0159e0922ed66c805c9c6ef1b654"
  integrity sha512-91OK/lQ5y2v7AsmnFT+0EyxdPTNhov3y2CWMdizyMfxSxRqHazXdzgBKtlmkU2KYIc+9ZK3Vwp2KyXogEATYxQ==

"@esbuild/linux-loong64@0.17.14":
  version "0.17.14"
  resolved "https://registry.yarnpkg.com/@esbuild/linux-loong64/-/linux-loong64-0.17.14.tgz#5f5305fdffe2d71dd9a97aa77d0c99c99409066f"
  integrity sha512-vp15H+5NR6hubNgMluqqKza85HcGJgq7t6rMH7O3Y6ApiOWPkvW2AJfNojUQimfTp6OUrACUXfR4hmpcENXoMQ==

"@esbuild/linux-mips64el@0.17.14":
  version "0.17.14"
  resolved "https://registry.yarnpkg.com/@esbuild/linux-mips64el/-/linux-mips64el-0.17.14.tgz#a602e85c51b2f71d2aedfe7f4143b2f92f97f3f5"
  integrity sha512-90TOdFV7N+fgi6c2+GO9ochEkmm9kBAKnuD5e08GQMgMINOdOFHuYLPQ91RYVrnWwQ5683sJKuLi9l4SsbJ7Hg==

"@esbuild/linux-ppc64@0.17.14":
  version "0.17.14"
  resolved "https://registry.yarnpkg.com/@esbuild/linux-ppc64/-/linux-ppc64-0.17.14.tgz#32d918d782105cbd9345dbfba14ee018b9c7afdf"
  integrity sha512-NnBGeoqKkTugpBOBZZoktQQ1Yqb7aHKmHxsw43NddPB2YWLAlpb7THZIzsRsTr0Xw3nqiPxbA1H31ZMOG+VVPQ==

"@esbuild/linux-riscv64@0.17.14":
  version "0.17.14"
  resolved "https://registry.yarnpkg.com/@esbuild/linux-riscv64/-/linux-riscv64-0.17.14.tgz#38612e7b6c037dff7022c33f49ca17f85c5dec58"
  integrity sha512-0qdlKScLXA8MGVy21JUKvMzCYWovctuP8KKqhtE5A6IVPq4onxXhSuhwDd2g5sRCzNDlDjitc5sX31BzDoL5Fw==

"@esbuild/linux-s390x@0.17.14":
  version "0.17.14"
  resolved "https://registry.yarnpkg.com/@esbuild/linux-s390x/-/linux-s390x-0.17.14.tgz#4397dff354f899e72fd035d72af59a700c465ccb"
  integrity sha512-Hdm2Jo1yaaOro4v3+6/zJk6ygCqIZuSDJHdHaf8nVH/tfOuoEX5Riv03Ka15LmQBYJObUTNS1UdyoMk0WUn9Ww==

"@esbuild/linux-x64@0.17.14":
  version "0.17.14"
  resolved "https://registry.yarnpkg.com/@esbuild/linux-x64/-/linux-x64-0.17.14.tgz#6c5cb99891b6c3e0c08369da3ef465e8038ad9c2"
  integrity sha512-8KHF17OstlK4DuzeF/KmSgzrTWQrkWj5boluiiq7kvJCiQVzUrmSkaBvcLB2UgHpKENO2i6BthPkmUhNDaJsVw==

"@esbuild/netbsd-x64@0.17.14":
  version "0.17.14"
  resolved "https://registry.yarnpkg.com/@esbuild/netbsd-x64/-/netbsd-x64-0.17.14.tgz#5fa5255a64e9bf3947c1b3bef5e458b50b211994"
  integrity sha512-nVwpqvb3yyXztxIT2+VsxJhB5GCgzPdk1n0HHSnchRAcxqKO6ghXwHhJnr0j/B+5FSyEqSxF4q03rbA2fKXtUQ==

"@esbuild/openbsd-x64@0.17.14":
  version "0.17.14"
  resolved "https://registry.yarnpkg.com/@esbuild/openbsd-x64/-/openbsd-x64-0.17.14.tgz#74d14c79dcb6faf446878cc64284aa4e02f5ca6f"
  integrity sha512-1RZ7uQQ9zcy/GSAJL1xPdN7NDdOOtNEGiJalg/MOzeakZeTrgH/DoCkbq7TaPDiPhWqnDF+4bnydxRqQD7il6g==

"@esbuild/sunos-x64@0.17.14":
  version "0.17.14"
  resolved "https://registry.yarnpkg.com/@esbuild/sunos-x64/-/sunos-x64-0.17.14.tgz#5c7d1c7203781d86c2a9b2ff77bd2f8036d24cfa"
  integrity sha512-nqMjDsFwv7vp7msrwWRysnM38Sd44PKmW8EzV01YzDBTcTWUpczQg6mGao9VLicXSgW/iookNK6AxeogNVNDZA==

"@esbuild/win32-arm64@0.17.14":
  version "0.17.14"
  resolved "https://registry.yarnpkg.com/@esbuild/win32-arm64/-/win32-arm64-0.17.14.tgz#dc36ed84f1390e73b6019ccf0566c80045e5ca3d"
  integrity sha512-xrD0mccTKRBBIotrITV7WVQAwNJ5+1va6L0H9zN92v2yEdjfAN7864cUaZwJS7JPEs53bDTzKFbfqVlG2HhyKQ==

"@esbuild/win32-ia32@0.17.14":
  version "0.17.14"
  resolved "https://registry.yarnpkg.com/@esbuild/win32-ia32/-/win32-ia32-0.17.14.tgz#0802a107afa9193c13e35de15a94fe347c588767"
  integrity sha512-nXpkz9bbJrLLyUTYtRotSS3t5b+FOuljg8LgLdINWFs3FfqZMtbnBCZFUmBzQPyxqU87F8Av+3Nco/M3hEcu1w==

"@esbuild/win32-x64@0.17.14":
  version "0.17.14"
  resolved "https://registry.yarnpkg.com/@esbuild/win32-x64/-/win32-x64-0.17.14.tgz#e81fb49de05fed91bf74251c9ca0343f4fc77d31"
  integrity sha512-gPQmsi2DKTaEgG14hc3CHXHp62k8g6qr0Pas+I4lUxRMugGSATh/Bi8Dgusoz9IQ0IfdrvLpco6kujEIBoaogA==

"@jridgewell/resolve-uri@^3.0.3":
  version "3.1.0"
  resolved "https://registry.yarnpkg.com/@jridgewell/resolve-uri/-/resolve-uri-3.1.0.tgz#2203b118c157721addfe69d47b70465463066d78"
  integrity sha512-F2msla3tad+Mfht5cJq7LSXcdudKTWCVYUgw6pLFOOHSTtZlj6SWNYAp+AhuqLmWdBO2X5hPrLcu8cVP8fy28w==

"@jridgewell/sourcemap-codec@^1.4.10":
  version "1.4.14"
  resolved "https://registry.yarnpkg.com/@jridgewell/sourcemap-codec/-/sourcemap-codec-1.4.14.tgz#add4c98d341472a289190b424efbdb096991bb24"
  integrity sha512-XPSJHWmi394fuUuzDnGz1wiKqWfo1yXecHQMRf2l6hztTO+nPru658AyDngaBe7isIxEkRsPR3FZh+s7iVa4Uw==

"@jridgewell/trace-mapping@0.3.9":
  version "0.3.9"
  resolved "https://registry.yarnpkg.com/@jridgewell/trace-mapping/-/trace-mapping-0.3.9.tgz#6534fd5933a53ba7cbf3a17615e273a0d1273ff9"
  integrity sha512-3Belt6tdc8bPgAtbcmdtNJlirVoTmEb5e2gC94PnkwEW9jI6CAHUeoG85tjWP5WquqfavoMtMwiG4P926ZKKuQ==
  dependencies:
    "@jridgewell/resolve-uri" "^3.0.3"
    "@jridgewell/sourcemap-codec" "^1.4.10"

"@tsconfig/node10@^1.0.7":
  version "1.0.9"
  resolved "https://registry.yarnpkg.com/@tsconfig/node10/-/node10-1.0.9.tgz#df4907fc07a886922637b15e02d4cebc4c0021b2"
  integrity sha512-jNsYVVxU8v5g43Erja32laIDHXeoNvFEpX33OK4d6hljo3jDhCBDhx5dhCCTMWUojscpAagGiRkBKxpdl9fxqA==

"@tsconfig/node12@^1.0.7":
  version "1.0.11"
  resolved "https://registry.yarnpkg.com/@tsconfig/node12/-/node12-1.0.11.tgz#ee3def1f27d9ed66dac6e46a295cffb0152e058d"
  integrity sha512-cqefuRsh12pWyGsIoBKJA9luFu3mRxCA+ORZvA4ktLSzIuCUtWVxGIuXigEwO5/ywWFMZ2QEGKWvkZG1zDMTag==

"@tsconfig/node14@^1.0.0":
  version "1.0.3"
  resolved "https://registry.yarnpkg.com/@tsconfig/node14/-/node14-1.0.3.tgz#e4386316284f00b98435bf40f72f75a09dabf6c1"
  integrity sha512-ysT8mhdixWK6Hw3i1V2AeRqZ5WfXg1G43mqoYlM2nc6388Fq5jcXyr5mRsqViLx/GJYdoL0bfXD8nmF+Zn/Iow==

"@tsconfig/node16@^1.0.2":
  version "1.0.3"
  resolved "https://registry.yarnpkg.com/@tsconfig/node16/-/node16-1.0.3.tgz#472eaab5f15c1ffdd7f8628bd4c4f753995ec79e"
  integrity sha512-yOlFc+7UtL/89t2ZhjPvvB/DeAr3r+Dq58IgzsFkOAvVC6NMJXmCGjbptdXdR9qsX7pKcTL+s87FtYREi2dEEQ==

"@types/node@*", "@types/node@^18.15.11":
  version "18.15.11"
  resolved "https://registry.yarnpkg.com/@types/node/-/node-18.15.11.tgz#b3b790f09cb1696cffcec605de025b088fa4225f"
  integrity sha512-E5Kwq2n4SbMzQOn6wnmBjuK9ouqlURrcZDVfbo9ftDDTFt3nk7ZKK4GMOzoYgnpQJKcxwQw+lGaBvvlMo0qN/Q==

"@types/offscreencanvas@^2019.6.4":
  version "2019.7.0"
  resolved "https://registry.yarnpkg.com/@types/offscreencanvas/-/offscreencanvas-2019.7.0.tgz#e4a932069db47bb3eabeb0b305502d01586fa90d"
  integrity sha512-PGcyveRIpL1XIqK8eBsmRBt76eFgtzuPiSTyKHZxnGemp2yzGzWpjYKAfK3wIMiU7eH+851yEpiuP8JZerTmWg==

"@types/stats.js@*":
  version "0.17.0"
  resolved "https://registry.yarnpkg.com/@types/stats.js/-/stats.js-0.17.0.tgz#0ed81d48e03b590c24da85540c1d952077a9fe20"
  integrity sha512-9w+a7bR8PeB0dCT/HBULU2fMqf6BAzvKbxFboYhmDtDkKPiyXYbjoe2auwsXlEFI7CFNMF1dCv3dFH5Poy9R1w==

"@types/three@^0.150.0":
  version "0.150.0"
  resolved "https://registry.yarnpkg.com/@types/three/-/three-0.150.0.tgz#efeeaac7c546aa4c7820cc37720569eeec25cb77"
  integrity sha512-AGhnz/pfV9lajfPMrzRyP/nySpZYfpoXdayGk0Tiwkzc6hsWOCkz/Q696Muxn9HV2EkQJ3u8g/dDt7jcP5Tecg==
  dependencies:
    "@types/stats.js" "*"
    "@types/webxr" "*"
    fflate "~0.6.9"
    lil-gui "~0.17.0"

"@types/webxr@*":
  version "0.5.1"
  resolved "https://registry.yarnpkg.com/@types/webxr/-/webxr-0.5.1.tgz#4908349419104bd476a4252d04e4c3abb496748d"
  integrity sha512-xlFXPfgJR5vIuDefhaHuUM9uUgvPaXB6GKdXy2gdEh8gBWQZ2ul24AJz3foUd8NNKlSTQuWYJpCb1/pL81m1KQ==

"@types/ws@^8.5.4":
  version "8.5.4"
  resolved "https://registry.yarnpkg.com/@types/ws/-/ws-8.5.4.tgz#bb10e36116d6e570dd943735f86c933c1587b8a5"
  integrity sha512-zdQDHKUgcX/zBc4GrwsE/7dVdAD8JR4EuiAXiiUhhfyIJXXb2+PrGshFyeXWQPMmmZ2XxgaqclgpIC7eTXc1mg==
  dependencies:
    "@types/node" "*"

"@webgpu/glslang@^0.0.15":
  version "0.0.15"
  resolved "https://registry.yarnpkg.com/@webgpu/glslang/-/glslang-0.0.15.tgz#f5ccaf6015241e6175f4b90906b053f88483d1f2"
  integrity sha512-niT+Prh3Aff8Uf1MVBVUsaNjFj9rJAKDXuoHIKiQbB+6IUP/3J3JIhBNyZ7lDhytvXxw6ppgnwKZdDJ08UMj4Q==

acorn-walk@^8.1.1:
  version "8.2.0"
  resolved "https://registry.yarnpkg.com/acorn-walk/-/acorn-walk-8.2.0.tgz#741210f2e2426454508853a2f44d0ab83b7f69c1"
  integrity sha512-k+iyHEuPgSw6SbuDpGQM+06HQUa04DZ3o+F6CSzXMvvI5KMvnaEqXe+YVe555R9nn6GPt404fos4wcgpw12SDA==

acorn@^8.4.1:
  version "8.8.2"
  resolved "https://registry.yarnpkg.com/acorn/-/acorn-8.8.2.tgz#1b2f25db02af965399b9776b0c2c391276d37c4a"
  integrity sha512-xjIYgE8HBrkpd/sJqOGNspf8uHG+NOHGOw6a/Urj8taM2EXfdNAH2oFcPeIFfsv3+kz/mJrS5VuMqbNLjCa2vw==

arg@^4.1.0:
  version "4.1.3"
  resolved "https://registry.yarnpkg.com/arg/-/arg-4.1.3.tgz#269fc7ad5b8e42cb63c896d5666017261c144089"
  integrity sha512-58S9QDqG0Xx27YwPSt9fJxivjYl432YCwfDMfZ+71RAqUrZef7LrKQZ3LHLOwCS4FLNBplP533Zx895SeOCHvA==

chevrotain@^10.1.2:
  version "10.5.0"
  resolved "https://registry.yarnpkg.com/chevrotain/-/chevrotain-10.5.0.tgz#9c1dc62ef0753bb562dbe521b5f72d041bad624e"
  integrity sha512-Pkv5rBY3+CsHOYfV5g/Vs5JY9WTHHDEKOlohI2XeygaZhUeqhAlldZ8Hz9cRmxu709bvS08YzxHdTPHhffc13A==
  dependencies:
    "@chevrotain/cst-dts-gen" "10.5.0"
    "@chevrotain/gast" "10.5.0"
    "@chevrotain/types" "10.5.0"
    "@chevrotain/utils" "10.5.0"
    lodash "4.17.21"
    regexp-to-ast "0.5.0"

create-require@^1.1.0:
  version "1.1.1"
  resolved "https://registry.yarnpkg.com/create-require/-/create-require-1.1.1.tgz#c1d7e8f1e5f6cfc9ff65f9cd352d37348756c333"
  integrity sha512-dcKFX3jn0MpIaXjisoRvexIJVEKzaq7z2rZKxf+MSr9TkdmHmsU4m2lcLojrj/FHl8mk5VxMmYA+ftRkP/3oKQ==

diff@^4.0.1:
  version "4.0.2"
  resolved "https://registry.yarnpkg.com/diff/-/diff-4.0.2.tgz#60f3aecb89d5fae520c11aa19efc2bb982aade7d"
  integrity sha512-58lmxKSA4BNyLz+HHMUzlOEpg09FV+ev6ZMe3vJihgdxzgcwZ8VoEEPmALCZG9LmqfVoNMMKpttIYTVG6uDY7A==

draco3d@^1.4.1:
  version "1.5.6"
  resolved "https://registry.yarnpkg.com/draco3d/-/draco3d-1.5.6.tgz#0d570a9792e3a3a9fafbfea065b692940441c626"
  integrity sha512-+3NaRjWktb5r61ZFoDejlykPEFKT5N/LkbXsaddlw6xNSXBanUYpFc2AXXpbJDilPHazcSreU/DpQIaxfX0NfQ==

ecs-lib@^0.8.0-pre.2:
  version "0.8.0-pre.2"
  resolved "https://registry.yarnpkg.com/ecs-lib/-/ecs-lib-0.8.0-pre.2.tgz#d2fbe6fcf58f6e4fecaa5df19596d072b847299a"
  integrity sha512-eG2WR4DkyxBY8SSpiNJWtESSVynxBUo/CPcsaY6kXtI62PFr2tXcfic7rGujjqj+tjbakXO5vZP8mb7fhpuAXw==

esbuild@^0.17.5:
  version "0.17.14"
  resolved "https://registry.yarnpkg.com/esbuild/-/esbuild-0.17.14.tgz#d61a22de751a3133f3c6c7f9c1c3e231e91a3245"
  integrity sha512-vOO5XhmVj/1XQR9NQ1UPq6qvMYL7QFJU57J5fKBKBKxp17uDt5PgxFDb4A2nEiXhr1qQs4x0F5+66hVVw4ruNw==
  optionalDependencies:
    "@esbuild/android-arm" "0.17.14"
    "@esbuild/android-arm64" "0.17.14"
    "@esbuild/android-x64" "0.17.14"
    "@esbuild/darwin-arm64" "0.17.14"
    "@esbuild/darwin-x64" "0.17.14"
    "@esbuild/freebsd-arm64" "0.17.14"
    "@esbuild/freebsd-x64" "0.17.14"
    "@esbuild/linux-arm" "0.17.14"
    "@esbuild/linux-arm64" "0.17.14"
    "@esbuild/linux-ia32" "0.17.14"
    "@esbuild/linux-loong64" "0.17.14"
    "@esbuild/linux-mips64el" "0.17.14"
    "@esbuild/linux-ppc64" "0.17.14"
    "@esbuild/linux-riscv64" "0.17.14"
    "@esbuild/linux-s390x" "0.17.14"
    "@esbuild/linux-x64" "0.17.14"
    "@esbuild/netbsd-x64" "0.17.14"
    "@esbuild/openbsd-x64" "0.17.14"
    "@esbuild/sunos-x64" "0.17.14"
    "@esbuild/win32-arm64" "0.17.14"
    "@esbuild/win32-ia32" "0.17.14"
    "@esbuild/win32-x64" "0.17.14"

fflate@^0.6.9, fflate@~0.6.9:
  version "0.6.10"
  resolved "https://registry.yarnpkg.com/fflate/-/fflate-0.6.10.tgz#5f40f9659205936a2d18abf88b2e7781662b6d43"
  integrity sha512-IQrh3lEPM93wVCEczc9SaAOvkmcoQn/G8Bo1e8ZPlY3X3bnAxWaBdvTdvM1hP62iZp0BXWDy4vTAy4fF0+Dlpg==

fsevents@~2.3.2:
  version "2.3.2"
  resolved "https://registry.yarnpkg.com/fsevents/-/fsevents-2.3.2.tgz#8a526f78b8fdf4623b709e0b975c52c24c02fd1a"
  integrity sha512-xiqMQR4xAeHTuB9uWm+fFRcIOgKBMiOBP+eXiyT7jsgVCq1bkVygt00oASowB7EdtpOHaaPgKt812P9ab+DDKA==

function-bind@^1.1.1:
  version "1.1.1"
  resolved "https://registry.yarnpkg.com/function-bind/-/function-bind-1.1.1.tgz#a56899d3ea3c9bab874bb9773b7c5ede92f4895d"
  integrity sha512-yIovAzMX49sF8Yl58fSCWJ5svSLuaibPxXQJFLmBObTuCr0Mf1KiPopGM9NiFjiYBCbfaa2Fh6breQ6ANVTI0A==

has@^1.0.3:
  version "1.0.3"
  resolved "https://registry.yarnpkg.com/has/-/has-1.0.3.tgz#722d7cbfc1f6aa8241f16dd814e011e1f41e8796"
  integrity sha512-f2dvO0VU6Oej7RkWJGrehjbzMAjFp5/VKPp5tTpWIV4JHHZK1/BxbFRtf/siA2SWTe09caDmVtYYzWEIbBS4zw==
  dependencies:
    function-bind "^1.1.1"

is-core-module@^2.9.0:
  version "2.11.0"
  resolved "https://registry.yarnpkg.com/is-core-module/-/is-core-module-2.11.0.tgz#ad4cb3e3863e814523c96f3f58d26cc570ff0144"
  integrity sha512-RRjxlvLDkD1YJwDbroBHMb+cukurkDWNyHx7D3oNB5x9rb5ogcksMC5wHCadcXoo67gVr/+3GFySh3134zi6rw==
  dependencies:
    has "^1.0.3"

ktx-parse@^0.4.5:
  version "0.4.5"
  resolved "https://registry.yarnpkg.com/ktx-parse/-/ktx-parse-0.4.5.tgz#79905e22281a9d3e602b2ff522df1ee7d1813aa6"
  integrity sha512-MK3FOody4TXbFf8Yqv7EBbySw7aPvEcPX++Ipt6Sox+/YMFvR5xaTyhfNSk1AEmMy+RYIw81ctN4IMxCB8OAlg==

lil-gui@~0.17.0:
  version "0.17.0"
  resolved "https://registry.yarnpkg.com/lil-gui/-/lil-gui-0.17.0.tgz#b41ae55d0023fcd9185f7395a218db0f58189663"
  integrity sha512-MVBHmgY+uEbmJNApAaPbtvNh1RCAeMnKym82SBjtp5rODTYKWtM+MXHCifLe2H2Ti1HuBGBtK/5SyG4ShQ3pUQ==

lodash@4.17.21:
  version "4.17.21"
  resolved "https://registry.yarnpkg.com/lodash/-/lodash-4.17.21.tgz#679591c564c3bffaae8454cf0b3df370c3d6911c"
  integrity sha512-v2kDEe57lecTulaDIuNTPy3Ry4gLGJ6Z1O3vE1krgXZNrsQ+LFTGHVxVjcXPs17LhbZVGedAJv8XZ1tvj5FvSg==

make-error@^1.1.1:
  version "1.3.6"
  resolved "https://registry.yarnpkg.com/make-error/-/make-error-1.3.6.tgz#2eb2e37ea9b67c4891f684a1394799af484cf7a2"
  integrity sha512-s8UhlNe7vPKomQhC1qFelMokr/Sc3AgNbso3n74mVPA5LTZwkB9NlXf4XPamLxJE8h0gh73rM94xvwRT2CVInw==

mmd-parser@^1.0.4:
  version "1.0.4"
  resolved "https://registry.yarnpkg.com/mmd-parser/-/mmd-parser-1.0.4.tgz#87cc05782cb5974ca854f0303fc5147bc9d690e7"
  integrity sha512-Qi0VCU46t2IwfGv5KF0+D/t9cizcDug7qnNoy9Ggk7aucp0tssV8IwTMkBlDbm+VqAf3cdQHTCARKSsuS2MYFg==

nanoid@^3.3.4:
  version "3.3.6"
  resolved "https://registry.yarnpkg.com/nanoid/-/nanoid-3.3.6.tgz#443380c856d6e9f9824267d960b4236ad583ea4c"
  integrity sha512-BGcqMMJuToF7i1rt+2PWSNVnWIkGCU78jBG3RxO/bZlnZPK2Cmi2QaffxGO/2RvWi9sL+FAiRiXMgsyxQ1DIDA==

opentype.js@^1.3.3:
  version "1.3.4"
  resolved "https://registry.yarnpkg.com/opentype.js/-/opentype.js-1.3.4.tgz#1c0e72e46288473cc4a4c6a2dc60fd7fe6020d77"
  integrity sha512-d2JE9RP/6uagpQAVtJoF0pJJA/fgai89Cc50Yp0EJHk+eLp6QQ7gBoblsnubRULNY132I0J1QKMJ+JTbMqz4sw==
  dependencies:
    string.prototype.codepointat "^0.2.1"
    tiny-inflate "^1.0.3"

path-parse@^1.0.7:
  version "1.0.7"
  resolved "https://registry.yarnpkg.com/path-parse/-/path-parse-1.0.7.tgz#fbc114b60ca42b30d9daf5858e4bd68bbedb6735"
  integrity sha512-LDJzPVEEEPR+y48z93A0Ed0yXb8pAByGWo/k5YYdYgpY2/2EsOsksJrq7lOHxryrVOn1ejG6oAp8ahvOIQD8sw==

picocolors@^1.0.0:
  version "1.0.0"
  resolved "https://registry.yarnpkg.com/picocolors/-/picocolors-1.0.0.tgz#cb5bdc74ff3f51892236eaf79d68bc44564ab81c"
  integrity sha512-1fygroTLlHu66zi26VoTDv8yRgm0Fccecssto+MhsZ0D/DGW2sm8E8AjW7NU5VVTRt5GxbeZ5qBuJr+HyLYkjQ==

postcss@^8.4.21:
  version "8.4.21"
  resolved "https://registry.yarnpkg.com/postcss/-/postcss-8.4.21.tgz#c639b719a57efc3187b13a1d765675485f4134f4"
  integrity sha512-tP7u/Sn/dVxK2NnruI4H9BG+x+Wxz6oeZ1cJ8P6G/PZY0IKk4k/63TDsQf2kQq3+qoJeLm2kIBUNlZe3zgb4Zg==
  dependencies:
    nanoid "^3.3.4"
    picocolors "^1.0.0"
    source-map-js "^1.0.2"

potpack@^1.0.1:
  version "1.0.2"
  resolved "https://registry.yarnpkg.com/potpack/-/potpack-1.0.2.tgz#23b99e64eb74f5741ffe7656b5b5c4ddce8dfc14"
  integrity sha512-choctRBIV9EMT9WGAZHn3V7t0Z2pMQyl0EZE6pFc/6ml3ssw7Dlf/oAOvFwjm1HVsqfQN8GfeFyJ+d8tRzqueQ==

regenerator-runtime@^0.13.11:
  version "0.13.11"
  resolved "https://registry.yarnpkg.com/regenerator-runtime/-/regenerator-runtime-0.13.11.tgz#f6dca3e7ceec20590d07ada785636a90cdca17f9"
  integrity sha512-kY1AZVr2Ra+t+piVaJ4gxaFaReZVH40AKNo7UCX6W+dEwBo/2oZJzqfuN1qLq1oL45o56cPaTXELwrTh8Fpggg==

regexp-to-ast@0.5.0:
  version "0.5.0"
  resolved "https://registry.yarnpkg.com/regexp-to-ast/-/regexp-to-ast-0.5.0.tgz#56c73856bee5e1fef7f73a00f1473452ab712a24"
  integrity sha512-tlbJqcMHnPKI9zSrystikWKwHkBqu2a/Sgw01h3zFjvYrMxEDYHzzoMZnUrbIfpTFEsoRnnviOXNCzFiSc54Qw==

resolve@^1.22.1:
  version "1.22.1"
  resolved "https://registry.yarnpkg.com/resolve/-/resolve-1.22.1.tgz#27cb2ebb53f91abb49470a928bba7558066ac177"
  integrity sha512-nBpuuYuY5jFsli/JIs1oldw6fOQCBioohqWZg/2hiaOybXOft4lonv85uDOKXdf8rhyK159cxU5cDcK/NKk8zw==
  dependencies:
    is-core-module "^2.9.0"
    path-parse "^1.0.7"
    supports-preserve-symlinks-flag "^1.0.0"

rollup@^3.18.0:
  version "3.20.2"
  resolved "https://registry.yarnpkg.com/rollup/-/rollup-3.20.2.tgz#f798c600317f216de2e4ad9f4d9ab30a89b690ff"
  integrity sha512-3zwkBQl7Ai7MFYQE0y1MeQ15+9jsi7XxfrqwTb/9EK8D9C9+//EBR4M+CuA1KODRaNbFez/lWxA5vhEGZp4MUg==
  optionalDependencies:
    fsevents "~2.3.2"

source-map-js@^1.0.2:
  version "1.0.2"
  resolved "https://registry.yarnpkg.com/source-map-js/-/source-map-js-1.0.2.tgz#adbc361d9c62df380125e7f161f71c826f1e490c"
  integrity sha512-R0XvVJ9WusLiqTCEiGCmICCMplcCkIwwR11mOSD9CR5u+IXYdiseeEuXCVAjS54zqwkLcPNnmU4OeJ6tUrWhDw==

string.prototype.codepointat@^0.2.1:
  version "0.2.1"
  resolved "https://registry.yarnpkg.com/string.prototype.codepointat/-/string.prototype.codepointat-0.2.1.tgz#004ad44c8afc727527b108cd462b4d971cd469bc"
  integrity sha512-2cBVCj6I4IOvEnjgO/hWqXjqBGsY+zwPmHl12Srk9IXSZ56Jwwmy+66XO5Iut/oQVR7t5ihYdLB0GMa4alEUcg==

supports-preserve-symlinks-flag@^1.0.0:
  version "1.0.0"
  resolved "https://registry.yarnpkg.com/supports-preserve-symlinks-flag/-/supports-preserve-symlinks-flag-1.0.0.tgz#6eda4bd344a3c94aea376d4cc31bc77311039e09"
  integrity sha512-ot0WnXS9fgdkgIcePe6RHNk1WA8+muPa6cSjeR3V8K27q9BB1rTE3R1p7Hv0z1ZyAc8s6Vvv8DIyWf681MAt0w==

three-stdlib@^2.21.8:
  version "2.21.8"
  resolved "https://registry.yarnpkg.com/three-stdlib/-/three-stdlib-2.21.8.tgz#37b11b7f62d07b10742c212153b14db21433b3c6"
  integrity sha512-kqisiKvO4mSy59v5vWqBQSH8famLxp7Z51LxpMJI9GwDxqODaW02rhIwmjYDEzZWNFpjZpoDHVGbdpeHf8h3SA==
  dependencies:
    "@babel/runtime" "^7.16.7"
    "@types/offscreencanvas" "^2019.6.4"
    "@webgpu/glslang" "^0.0.15"
    chevrotain "^10.1.2"
    draco3d "^1.4.1"
    fflate "^0.6.9"
    ktx-parse "^0.4.5"
    mmd-parser "^1.0.4"
    opentype.js "^1.3.3"
    potpack "^1.0.1"
    zstddec "^0.0.2"

three@^0.151.2:
  version "0.151.2"
  resolved "https://registry.yarnpkg.com/three/-/three-0.151.2.tgz#b5b1906165499fa0586dd4adcc8c40dd781514c2"
  integrity sha512-tGaLRP2H6++tj2JumHD25slhFAx0C619rl6G6Utjq7JTrDGJwDxpu+J2XpnYIUMfEmhNvIFDQJfp79JtKmNBWw==

tiny-inflate@^1.0.3:
  version "1.0.3"
  resolved "https://registry.yarnpkg.com/tiny-inflate/-/tiny-inflate-1.0.3.tgz#122715494913a1805166aaf7c93467933eea26c4"
  integrity sha512-pkY1fj1cKHb2seWDy0B16HeWyczlJA9/WW3u3c4z/NiWDsO3DOU5D7nhTLE9CF0yXv/QZFY7sEJmj24dK+Rrqw==

ts-node@^10.9.1:
  version "10.9.1"
  resolved "https://registry.yarnpkg.com/ts-node/-/ts-node-10.9.1.tgz#e73de9102958af9e1f0b168a6ff320e25adcff4b"
  integrity sha512-NtVysVPkxxrwFGUUxGYhfux8k78pQB3JqYBXlLRZgdGUqTO5wU/UyHop5p70iEbGhB7q5KmiZiU0Y3KlJrScEw==
  dependencies:
    "@cspotcode/source-map-support" "^0.8.0"
    "@tsconfig/node10" "^1.0.7"
    "@tsconfig/node12" "^1.0.7"
    "@tsconfig/node14" "^1.0.0"
    "@tsconfig/node16" "^1.0.2"
    acorn "^8.4.1"
    acorn-walk "^8.1.1"
    arg "^4.1.0"
    create-require "^1.1.0"
    diff "^4.0.1"
    make-error "^1.1.1"
    v8-compile-cache-lib "^3.0.1"
    yn "3.1.1"

typescript@^4.9.3:
  version "4.9.5"
  resolved "https://registry.yarnpkg.com/typescript/-/typescript-4.9.5.tgz#095979f9bcc0d09da324d58d03ce8f8374cbe65a"
  integrity sha512-1FXk9E2Hm+QzZQ7z+McJiHL4NW1F2EzMu9Nq9i3zAaGqibafqYwCVU6WyWAuyQRRzOlxou8xZSyXLEN8oKj24g==

typescript@^5.0.3:
  version "5.0.3"
  resolved "https://registry.yarnpkg.com/typescript/-/typescript-5.0.3.tgz#fe976f0c826a88d0a382007681cbb2da44afdedf"
  integrity sha512-xv8mOEDnigb/tN9PSMTwSEqAnUvkoXMQlicOb0IUVDBSQCgBSaAAROUZYy2IcUy5qU6XajK5jjjO7TMWqBTKZA==

v8-compile-cache-lib@^3.0.1:
  version "3.0.1"
  resolved "https://registry.yarnpkg.com/v8-compile-cache-lib/-/v8-compile-cache-lib-3.0.1.tgz#6336e8d71965cb3d35a1bbb7868445a7c05264bf"
  integrity sha512-wa7YjyUGfNZngI/vtK0UHAN+lgDCxBPCylVXGp0zu59Fz5aiGtNXaq3DhIov063MorB+VfufLh3JlF2KdTK3xg==

vite@^4.2.0:
  version "4.2.1"
  resolved "https://registry.yarnpkg.com/vite/-/vite-4.2.1.tgz#6c2eb337b0dfd80a9ded5922163b94949d7fc254"
  integrity sha512-7MKhqdy0ISo4wnvwtqZkjke6XN4taqQ2TBaTccLIpOKv7Vp2h4Y+NpmWCnGDeSvvn45KxvWgGyb0MkHvY1vgbg==
  dependencies:
    esbuild "^0.17.5"
    postcss "^8.4.21"
    resolve "^1.22.1"
    rollup "^3.18.0"
  optionalDependencies:
    fsevents "~2.3.2"

ws@^8.13.0:
  version "8.13.0"
  resolved "https://registry.yarnpkg.com/ws/-/ws-8.13.0.tgz#9a9fb92f93cf41512a0735c8f4dd09b8a1211cd0"
  integrity sha512-x9vcZYTrFPC7aSIbj7sRCYo7L/Xb8Iy+pW0ng0wt2vCJv7M9HOMy0UoN3rr+IFC7hb7vXoqS+P9ktyLLLhO+LA==

yn@3.1.1:
  version "3.1.1"
  resolved "https://registry.yarnpkg.com/yn/-/yn-3.1.1.tgz#1e87401a09d767c1d5eab26a6e4c185182d2eb50"
  integrity sha512-Ux4ygGWsu2c7isFWe8Yu1YluJmqVhxqK2cLXNQA5AcC3QfbGNpM7fu0Y8b/z16pXLnFxZYvWhd3fhBY9DLmC6Q==

zod@^3.21.4:
  version "3.21.4"
  resolved "https://registry.yarnpkg.com/zod/-/zod-3.21.4.tgz#10882231d992519f0a10b5dd58a38c9dabbb64db"
  integrity sha512-m46AKbrzKVzOzs/DZgVnG5H55N1sv1M8qZU3A8RIKbs3mrACDNeIOeilDymVb2HdmP8uwshOCF4uJ8uM9rCqJw==

zstddec@^0.0.2:
  version "0.0.2"
  resolved "https://registry.yarnpkg.com/zstddec/-/zstddec-0.0.2.tgz#57e2f28dd1ff56b750e07d158a43f0611ad9eeb4"
  integrity sha512-DCo0oxvcvOTGP/f5FA6tz2Z6wF+FIcEApSTu0zV5sQgn9hoT5lZ9YRAKUraxt9oP7l4e8TnNdi8IZTCX6WCkwA==
